// !$*UTF8*$!
{
	archiveVersion = 1;
	classes = {
	};
	objectVersion = 46;
	objects = {

/* Begin PBXBuildFile section */
		4794B2F4191FA0B700235A28 /* GameOverScene.m in Sources */ = {isa = PBXBuildFile; fileRef = 4794B2F3191FA0B700235A28 /* GameOverScene.m */; };
		47E54770184B659700CD2EB0 /* Foundation.framework in Frameworks */ = {isa = PBXBuildFile; fileRef = 47E5476F184B659700CD2EB0 /* Foundation.framework */; };
		47E54772184B659700CD2EB0 /* CoreGraphics.framework in Frameworks */ = {isa = PBXBuildFile; fileRef = 47E54771184B659700CD2EB0 /* CoreGraphics.framework */; };
		47E54774184B659700CD2EB0 /* UIKit.framework in Frameworks */ = {isa = PBXBuildFile; fileRef = 47E54773184B659700CD2EB0 /* UIKit.framework */; };
		47E54776184B659700CD2EB0 /* SpriteKit.framework in Frameworks */ = {isa = PBXBuildFile; fileRef = 47E54775184B659700CD2EB0 /* SpriteKit.framework */; };
		47E5477C184B659700CD2EB0 /* InfoPlist.strings in Resources */ = {isa = PBXBuildFile; fileRef = 47E5477A184B659700CD2EB0 /* InfoPlist.strings */; };
		47E5477E184B659700CD2EB0 /* main.m in Sources */ = {isa = PBXBuildFile; fileRef = 47E5477D184B659700CD2EB0 /* main.m */; };
		47E54782184B659700CD2EB0 /* AppDelegate.m in Sources */ = {isa = PBXBuildFile; fileRef = 47E54781184B659700CD2EB0 /* AppDelegate.m */; };
		47E54785184B659700CD2EB0 /* Main.storyboard in Resources */ = {isa = PBXBuildFile; fileRef = 47E54783184B659700CD2EB0 /* Main.storyboard */; };
		47E54788184B659700CD2EB0 /* ViewController.m in Sources */ = {isa = PBXBuildFile; fileRef = 47E54787184B659700CD2EB0 /* ViewController.m */; };
		47E5478B184B659700CD2EB0 /* MyScene.m in Sources */ = {isa = PBXBuildFile; fileRef = 47E5478A184B659700CD2EB0 /* MyScene.m */; };
		47E5478D184B659700CD2EB0 /* Spaceship.png in Resources */ = {isa = PBXBuildFile; fileRef = 47E5478C184B659700CD2EB0 /* Spaceship.png */; };
		47E5478F184B659700CD2EB0 /* Images.xcassets in Resources */ = {isa = PBXBuildFile; fileRef = 47E5478E184B659700CD2EB0 /* Images.xcassets */; };
		47E54796184B659700CD2EB0 /* XCTest.framework in Frameworks */ = {isa = PBXBuildFile; fileRef = 47E54795184B659700CD2EB0 /* XCTest.framework */; };
		47E54797184B659700CD2EB0 /* Foundation.framework in Frameworks */ = {isa = PBXBuildFile; fileRef = 47E5476F184B659700CD2EB0 /* Foundation.framework */; };
		47E54798184B659700CD2EB0 /* UIKit.framework in Frameworks */ = {isa = PBXBuildFile; fileRef = 47E54773184B659700CD2EB0 /* UIKit.framework */; };
		47E547A0184B659700CD2EB0 /* InfoPlist.strings in Resources */ = {isa = PBXBuildFile; fileRef = 47E5479E184B659700CD2EB0 /* InfoPlist.strings */; };
		47E547A2184B659700CD2EB0 /* ZombieCongaTests.m in Sources */ = {isa = PBXBuildFile; fileRef = 47E547A1184B659700CD2EB0 /* ZombieCongaTests.m */; };
		47E547C8184B952300CD2EB0 /* background.png in Resources */ = {isa = PBXBuildFile; fileRef = 47E547AD184B952300CD2EB0 /* background.png */; };
		47E547C9184B952300CD2EB0 /* background@2x.png in Resources */ = {isa = PBXBuildFile; fileRef = 47E547AE184B952300CD2EB0 /* background@2x.png */; };
		47E547CA184B952300CD2EB0 /* MainMenu.png in Resources */ = {isa = PBXBuildFile; fileRef = 47E547AF184B952300CD2EB0 /* MainMenu.png */; };
		47E547CB184B952300CD2EB0 /* MainMenu@2x.png in Resources */ = {isa = PBXBuildFile; fileRef = 47E547B0184B952300CD2EB0 /* MainMenu@2x.png */; };
		47E547CC184B952300CD2EB0 /* YouLose.png in Resources */ = {isa = PBXBuildFile; fileRef = 47E547B1184B952300CD2EB0 /* YouLose.png */; };
		47E547CD184B952300CD2EB0 /* YouLose@2x.png in Resources */ = {isa = PBXBuildFile; fileRef = 47E547B2184B952300CD2EB0 /* YouLose@2x.png */; };
		47E547CE184B952300CD2EB0 /* YouWin.png in Resources */ = {isa = PBXBuildFile; fileRef = 47E547B3184B952300CD2EB0 /* YouWin.png */; };
		47E547CF184B952300CD2EB0 /* YouWin@2x.png in Resources */ = {isa = PBXBuildFile; fileRef = 47E547B4184B952300CD2EB0 /* YouWin@2x.png */; };
		47E547D0184B952300CD2EB0 /* bgMusic.mp3 in Resources */ = {isa = PBXBuildFile; fileRef = 47E547B6184B952300CD2EB0 /* bgMusic.mp3 */; };
		47E547D1184B952300CD2EB0 /* hitCat.wav in Resources */ = {isa = PBXBuildFile; fileRef = 47E547B7184B952300CD2EB0 /* hitCat.wav */; };
		47E547D2184B952300CD2EB0 /* hitCatLady.wav in Resources */ = {isa = PBXBuildFile; fileRef = 47E547B8184B952300CD2EB0 /* hitCatLady.wav */; };
		47E547D3184B952300CD2EB0 /* lose.wav in Resources */ = {isa = PBXBuildFile; fileRef = 47E547B9184B952300CD2EB0 /* lose.wav */; };
		47E547D4184B952300CD2EB0 /* win.wav in Resources */ = {isa = PBXBuildFile; fileRef = 47E547BA184B952300CD2EB0 /* win.wav */; };
		47E547D5184B952300CD2EB0 /* cat.png in Resources */ = {isa = PBXBuildFile; fileRef = 47E547BC184B952300CD2EB0 /* cat.png */; };
		47E547D6184B952300CD2EB0 /* cat@2x.png in Resources */ = {isa = PBXBuildFile; fileRef = 47E547BD184B952300CD2EB0 /* cat@2x.png */; };
		47E547D7184B952300CD2EB0 /* enemy.png in Resources */ = {isa = PBXBuildFile; fileRef = 47E547BE184B952300CD2EB0 /* enemy.png */; };
		47E547D8184B952300CD2EB0 /* enemy@2x.png in Resources */ = {isa = PBXBuildFile; fileRef = 47E547BF184B952300CD2EB0 /* enemy@2x.png */; };
		47E547D9184B952300CD2EB0 /* zombie1.png in Resources */ = {isa = PBXBuildFile; fileRef = 47E547C0184B952300CD2EB0 /* zombie1.png */; };
		47E547DA184B952300CD2EB0 /* zombie1@2x.png in Resources */ = {isa = PBXBuildFile; fileRef = 47E547C1184B952300CD2EB0 /* zombie1@2x.png */; };
		47E547DB184B952300CD2EB0 /* zombie2.png in Resources */ = {isa = PBXBuildFile; fileRef = 47E547C2184B952300CD2EB0 /* zombie2.png */; };
		47E547DC184B952300CD2EB0 /* zombie2@2x.png in Resources */ = {isa = PBXBuildFile; fileRef = 47E547C3184B952300CD2EB0 /* zombie2@2x.png */; };
		47E547DD184B952300CD2EB0 /* zombie3.png in Resources */ = {isa = PBXBuildFile; fileRef = 47E547C4184B952300CD2EB0 /* zombie3.png */; };
		47E547DE184B952300CD2EB0 /* zombie3@2x.png in Resources */ = {isa = PBXBuildFile; fileRef = 47E547C5184B952300CD2EB0 /* zombie3@2x.png */; };
		47E547DF184B952300CD2EB0 /* zombie4.png in Resources */ = {isa = PBXBuildFile; fileRef = 47E547C6184B952300CD2EB0 /* zombie4.png */; };
		47E547E0184B952300CD2EB0 /* zombie4@2x.png in Resources */ = {isa = PBXBuildFile; fileRef = 47E547C7184B952300CD2EB0 /* zombie4@2x.png */; };
/* End PBXBuildFile section */

/* Begin PBXContainerItemProxy section */
		47E54799184B659700CD2EB0 /* PBXContainerItemProxy */ = {
			isa = PBXContainerItemProxy;
			containerPortal = 47E54764184B659700CD2EB0 /* Project object */;
			proxyType = 1;
			remoteGlobalIDString = 47E5476B184B659700CD2EB0;
			remoteInfo = ZombieConga;
		};
/* End PBXContainerItemProxy section */

/* Begin PBXFileReference section */
		4794B2F2191FA0B700235A28 /* GameOverScene.h */ = {isa = PBXFileReference; fileEncoding = 4; lastKnownFileType = sourcecode.c.h; path = GameOverScene.h; sourceTree = "<group>"; };
		4794B2F3191FA0B700235A28 /* GameOverScene.m */ = {isa = PBXFileReference; fileEncoding = 4; lastKnownFileType = sourcecode.c.objc; path = GameOverScene.m; sourceTree = "<group>"; };
		47E5476C184B659700CD2EB0 /* ZombieConga.app */ = {isa = PBXFileReference; explicitFileType = wrapper.application; includeInIndex = 0; path = ZombieConga.app; sourceTree = BUILT_PRODUCTS_DIR; };
		47E5476F184B659700CD2EB0 /* Foundation.framework */ = {isa = PBXFileReference; lastKnownFileType = wrapper.framework; name = Foundation.framework; path = System/Library/Frameworks/Foundation.framework; sourceTree = SDKROOT; };
		47E54771184B659700CD2EB0 /* CoreGraphics.framework */ = {isa = PBXFileReference; lastKnownFileType = wrapper.framework; name = CoreGraphics.framework; path = System/Library/Frameworks/CoreGraphics.framework; sourceTree = SDKROOT; };
		47E54773184B659700CD2EB0 /* UIKit.framework */ = {isa = PBXFileReference; lastKnownFileType = wrapper.framework; name = UIKit.framework; path = System/Library/Frameworks/UIKit.framework; sourceTree = SDKROOT; };
		47E54775184B659700CD2EB0 /* SpriteKit.framework */ = {isa = PBXFileReference; lastKnownFileType = wrapper.framework; name = SpriteKit.framework; path = System/Library/Frameworks/SpriteKit.framework; sourceTree = SDKROOT; };
		47E54779184B659700CD2EB0 /* ZombieConga-Info.plist */ = {isa = PBXFileReference; lastKnownFileType = text.plist.xml; path = "ZombieConga-Info.plist"; sourceTree = "<group>"; };
		47E5477B184B659700CD2EB0 /* en */ = {isa = PBXFileReference; lastKnownFileType = text.plist.strings; name = en; path = en.lproj/InfoPlist.strings; sourceTree = "<group>"; };
		47E5477D184B659700CD2EB0 /* main.m */ = {isa = PBXFileReference; lastKnownFileType = sourcecode.c.objc; path = main.m; sourceTree = "<group>"; };
		47E5477F184B659700CD2EB0 /* ZombieConga-Prefix.pch */ = {isa = PBXFileReference; lastKnownFileType = sourcecode.c.h; path = "ZombieConga-Prefix.pch"; sourceTree = "<group>"; };
		47E54780184B659700CD2EB0 /* AppDelegate.h */ = {isa = PBXFileReference; lastKnownFileType = sourcecode.c.h; path = AppDelegate.h; sourceTree = "<group>"; };
		47E54781184B659700CD2EB0 /* AppDelegate.m */ = {isa = PBXFileReference; lastKnownFileType = sourcecode.c.objc; path = AppDelegate.m; sourceTree = "<group>"; };
		47E54784184B659700CD2EB0 /* Base */ = {isa = PBXFileReference; lastKnownFileType = file.storyboard; name = Base; path = Base.lproj/Main.storyboard; sourceTree = "<group>"; };
		47E54786184B659700CD2EB0 /* ViewController.h */ = {isa = PBXFileReference; lastKnownFileType = sourcecode.c.h; path = ViewController.h; sourceTree = "<group>"; };
		47E54787184B659700CD2EB0 /* ViewController.m */ = {isa = PBXFileReference; lastKnownFileType = sourcecode.c.objc; path = ViewController.m; sourceTree = "<group>"; };
		47E54789184B659700CD2EB0 /* MyScene.h */ = {isa = PBXFileReference; lastKnownFileType = sourcecode.c.h; path = MyScene.h; sourceTree = "<group>"; };
		47E5478A184B659700CD2EB0 /* MyScene.m */ = {isa = PBXFileReference; lastKnownFileType = sourcecode.c.objc; path = MyScene.m; sourceTree = "<group>"; };
		47E5478C184B659700CD2EB0 /* Spaceship.png */ = {isa = PBXFileReference; lastKnownFileType = image.png; path = Spaceship.png; sourceTree = "<group>"; };
		47E5478E184B659700CD2EB0 /* Images.xcassets */ = {isa = PBXFileReference; lastKnownFileType = folder.assetcatalog; path = Images.xcassets; sourceTree = "<group>"; };
		47E54794184B659700CD2EB0 /* ZombieCongaTests.xctest */ = {isa = PBXFileReference; explicitFileType = wrapper.cfbundle; includeInIndex = 0; path = ZombieCongaTests.xctest; sourceTree = BUILT_PRODUCTS_DIR; };
		47E54795184B659700CD2EB0 /* XCTest.framework */ = {isa = PBXFileReference; lastKnownFileType = wrapper.framework; name = XCTest.framework; path = Library/Frameworks/XCTest.framework; sourceTree = DEVELOPER_DIR; };
		47E5479D184B659700CD2EB0 /* ZombieCongaTests-Info.plist */ = {isa = PBXFileReference; lastKnownFileType = text.plist.xml; path = "ZombieCongaTests-Info.plist"; sourceTree = "<group>"; };
		47E5479F184B659700CD2EB0 /* en */ = {isa = PBXFileReference; lastKnownFileType = text.plist.strings; name = en; path = en.lproj/InfoPlist.strings; sourceTree = "<group>"; };
		47E547A1184B659700CD2EB0 /* ZombieCongaTests.m */ = {isa = PBXFileReference; lastKnownFileType = sourcecode.c.objc; path = ZombieCongaTests.m; sourceTree = "<group>"; };
		47E547AD184B952300CD2EB0 /* background.png */ = {isa = PBXFileReference; lastKnownFileType = image.png; path = background.png; sourceTree = "<group>"; };
		47E547AE184B952300CD2EB0 /* background@2x.png */ = {isa = PBXFileReference; lastKnownFileType = image.png; path = "background@2x.png"; sourceTree = "<group>"; };
		47E547AF184B952300CD2EB0 /* MainMenu.png */ = {isa = PBXFileReference; lastKnownFileType = image.png; path = MainMenu.png; sourceTree = "<group>"; };
		47E547B0184B952300CD2EB0 /* MainMenu@2x.png */ = {isa = PBXFileReference; lastKnownFileType = image.png; path = "MainMenu@2x.png"; sourceTree = "<group>"; };
		47E547B1184B952300CD2EB0 /* YouLose.png */ = {isa = PBXFileReference; lastKnownFileType = image.png; path = YouLose.png; sourceTree = "<group>"; };
		47E547B2184B952300CD2EB0 /* YouLose@2x.png */ = {isa = PBXFileReference; lastKnownFileType = image.png; path = "YouLose@2x.png"; sourceTree = "<group>"; };
		47E547B3184B952300CD2EB0 /* YouWin.png */ = {isa = PBXFileReference; lastKnownFileType = image.png; path = YouWin.png; sourceTree = "<group>"; };
		47E547B4184B952300CD2EB0 /* YouWin@2x.png */ = {isa = PBXFileReference; lastKnownFileType = image.png; path = "YouWin@2x.png"; sourceTree = "<group>"; };
		47E547B6184B952300CD2EB0 /* bgMusic.mp3 */ = {isa = PBXFileReference; lastKnownFileType = audio.mp3; path = bgMusic.mp3; sourceTree = "<group>"; };
		47E547B7184B952300CD2EB0 /* hitCat.wav */ = {isa = PBXFileReference; lastKnownFileType = audio.wav; path = hitCat.wav; sourceTree = "<group>"; };
		47E547B8184B952300CD2EB0 /* hitCatLady.wav */ = {isa = PBXFileReference; lastKnownFileType = audio.wav; path = hitCatLady.wav; sourceTree = "<group>"; };
		47E547B9184B952300CD2EB0 /* lose.wav */ = {isa = PBXFileReference; lastKnownFileType = audio.wav; path = lose.wav; sourceTree = "<group>"; };
		47E547BA184B952300CD2EB0 /* win.wav */ = {isa = PBXFileReference; lastKnownFileType = audio.wav; path = win.wav; sourceTree = "<group>"; };
		47E547BC184B952300CD2EB0 /* cat.png */ = {isa = PBXFileReference; lastKnownFileType = image.png; path = cat.png; sourceTree = "<group>"; };
		47E547BD184B952300CD2EB0 /* cat@2x.png */ = {isa = PBXFileReference; lastKnownFileType = image.png; path = "cat@2x.png"; sourceTree = "<group>"; };
		47E547BE184B952300CD2EB0 /* enemy.png */ = {isa = PBXFileReference; lastKnownFileType = image.png; path = enemy.png; sourceTree = "<group>"; };
		47E547BF184B952300CD2EB0 /* enemy@2x.png */ = {isa = PBXFileReference; lastKnownFileType = image.png; path = "enemy@2x.png"; sourceTree = "<group>"; };
		47E547C0184B952300CD2EB0 /* zombie1.png */ = {isa = PBXFileReference; lastKnownFileType = image.png; path = zombie1.png; sourceTree = "<group>"; };
		47E547C1184B952300CD2EB0 /* zombie1@2x.png */ = {isa = PBXFileReference; lastKnownFileType = image.png; path = "zombie1@2x.png"; sourceTree = "<group>"; };
		47E547C2184B952300CD2EB0 /* zombie2.png */ = {isa = PBXFileReference; lastKnownFileType = image.png; path = zombie2.png; sourceTree = "<group>"; };
		47E547C3184B952300CD2EB0 /* zombie2@2x.png */ = {isa = PBXFileReference; lastKnownFileType = image.png; path = "zombie2@2x.png"; sourceTree = "<group>"; };
		47E547C4184B952300CD2EB0 /* zombie3.png */ = {isa = PBXFileReference; lastKnownFileType = image.png; path = zombie3.png; sourceTree = "<group>"; };
		47E547C5184B952300CD2EB0 /* zombie3@2x.png */ = {isa = PBXFileReference; lastKnownFileType = image.png; path = "zombie3@2x.png"; sourceTree = "<group>"; };
		47E547C6184B952300CD2EB0 /* zombie4.png */ = {isa = PBXFileReference; lastKnownFileType = image.png; path = zombie4.png; sourceTree = "<group>"; };
		47E547C7184B952300CD2EB0 /* zombie4@2x.png */ = {isa = PBXFileReference; lastKnownFileType = image.png; path = "zombie4@2x.png"; sourceTree = "<group>"; };
/* End PBXFileReference section */

/* Begin PBXFrameworksBuildPhase section */
		47E54769184B659700CD2EB0 /* Frameworks */ = {
			isa = PBXFrameworksBuildPhase;
			buildActionMask = 2147483647;
			files = (
				47E54772184B659700CD2EB0 /* CoreGraphics.framework in Frameworks */,
				47E54774184B659700CD2EB0 /* UIKit.framework in Frameworks */,
				47E54776184B659700CD2EB0 /* SpriteKit.framework in Frameworks */,
				47E54770184B659700CD2EB0 /* Foundation.framework in Frameworks */,
			);
			runOnlyForDeploymentPostprocessing = 0;
		};
		47E54791184B659700CD2EB0 /* Frameworks */ = {
			isa = PBXFrameworksBuildPhase;
			buildActionMask = 2147483647;
			files = (
				47E54796184B659700CD2EB0 /* XCTest.framework in Frameworks */,
				47E54798184B659700CD2EB0 /* UIKit.framework in Frameworks */,
				47E54797184B659700CD2EB0 /* Foundation.framework in Frameworks */,
			);
			runOnlyForDeploymentPostprocessing = 0;
		};
/* End PBXFrameworksBuildPhase section */

/* Begin PBXGroup section */
		47E54763184B659700CD2EB0 = {
			isa = PBXGroup;
			children = (
				47E54777184B659700CD2EB0 /* ZombieConga */,
				47E5479B184B659700CD2EB0 /* ZombieCongaTests */,
				47E5476E184B659700CD2EB0 /* Frameworks */,
				47E5476D184B659700CD2EB0 /* Products */,
			);
			sourceTree = "<group>";
		};
		47E5476D184B659700CD2EB0 /* Products */ = {
			isa = PBXGroup;
			children = (
				47E5476C184B659700CD2EB0 /* ZombieConga.app */,
				47E54794184B659700CD2EB0 /* ZombieCongaTests.xctest */,
			);
			name = Products;
			sourceTree = "<group>";
		};
		47E5476E184B659700CD2EB0 /* Frameworks */ = {
			isa = PBXGroup;
			children = (
				47E5476F184B659700CD2EB0 /* Foundation.framework */,
				47E54771184B659700CD2EB0 /* CoreGraphics.framework */,
				47E54773184B659700CD2EB0 /* UIKit.framework */,
				47E54775184B659700CD2EB0 /* SpriteKit.framework */,
				47E54795184B659700CD2EB0 /* XCTest.framework */,
			);
			name = Frameworks;
			sourceTree = "<group>";
		};
		47E54777184B659700CD2EB0 /* ZombieConga */ = {
			isa = PBXGroup;
			children = (
				47E54780184B659700CD2EB0 /* AppDelegate.h */,
				47E54781184B659700CD2EB0 /* AppDelegate.m */,
				47E54783184B659700CD2EB0 /* Main.storyboard */,
				47E54786184B659700CD2EB0 /* ViewController.h */,
				47E54787184B659700CD2EB0 /* ViewController.m */,
				47E54789184B659700CD2EB0 /* MyScene.h */,
				47E5478A184B659700CD2EB0 /* MyScene.m */,
				4794B2F2191FA0B700235A28 /* GameOverScene.h */,
				4794B2F3191FA0B700235A28 /* GameOverScene.m */,
				47E5478C184B659700CD2EB0 /* Spaceship.png */,
				47E5478E184B659700CD2EB0 /* Images.xcassets */,
				47E547AB184B952300CD2EB0 /* Art */,
				47E54778184B659700CD2EB0 /* Supporting Files */,
			);
			path = ZombieConga;
			sourceTree = "<group>";
		};
		47E54778184B659700CD2EB0 /* Supporting Files */ = {
			isa = PBXGroup;
			children = (
				47E54779184B659700CD2EB0 /* ZombieConga-Info.plist */,
				47E5477A184B659700CD2EB0 /* InfoPlist.strings */,
				47E5477D184B659700CD2EB0 /* main.m */,
				47E5477F184B659700CD2EB0 /* ZombieConga-Prefix.pch */,
			);
			name = "Supporting Files";
			sourceTree = "<group>";
		};
		47E5479B184B659700CD2EB0 /* ZombieCongaTests */ = {
			isa = PBXGroup;
			children = (
				47E547A1184B659700CD2EB0 /* ZombieCongaTests.m */,
				47E5479C184B659700CD2EB0 /* Supporting Files */,
			);
			path = ZombieCongaTests;
			sourceTree = "<group>";
		};
		47E5479C184B659700CD2EB0 /* Supporting Files */ = {
			isa = PBXGroup;
			children = (
				47E5479D184B659700CD2EB0 /* ZombieCongaTests-Info.plist */,
				47E5479E184B659700CD2EB0 /* InfoPlist.strings */,
			);
			name = "Supporting Files";
			sourceTree = "<group>";
		};
		47E547AB184B952300CD2EB0 /* Art */ = {
			isa = PBXGroup;
			children = (
				47E547AC184B952300CD2EB0 /* Backgrounds */,
				47E547B5184B952300CD2EB0 /* Sounds */,
				47E547BB184B952300CD2EB0 /* sprites */,
			);
			path = Art;
			sourceTree = "<group>";
		};
		47E547AC184B952300CD2EB0 /* Backgrounds */ = {
			isa = PBXGroup;
			children = (
				47E547AD184B952300CD2EB0 /* background.png */,
				47E547AE184B952300CD2EB0 /* background@2x.png */,
				47E547AF184B952300CD2EB0 /* MainMenu.png */,
				47E547B0184B952300CD2EB0 /* MainMenu@2x.png */,
				47E547B1184B952300CD2EB0 /* YouLose.png */,
				47E547B2184B952300CD2EB0 /* YouLose@2x.png */,
				47E547B3184B952300CD2EB0 /* YouWin.png */,
				47E547B4184B952300CD2EB0 /* YouWin@2x.png */,
			);
			path = Backgrounds;
			sourceTree = "<group>";
		};
		47E547B5184B952300CD2EB0 /* Sounds */ = {
			isa = PBXGroup;
			children = (
				47E547B6184B952300CD2EB0 /* bgMusic.mp3 */,
				47E547B7184B952300CD2EB0 /* hitCat.wav */,
				47E547B8184B952300CD2EB0 /* hitCatLady.wav */,
				47E547B9184B952300CD2EB0 /* lose.wav */,
				47E547BA184B952300CD2EB0 /* win.wav */,
			);
			path = Sounds;
			sourceTree = "<group>";
		};
		47E547BB184B952300CD2EB0 /* sprites */ = {
			isa = PBXGroup;
			children = (
				47E547BC184B952300CD2EB0 /* cat.png */,
				47E547BD184B952300CD2EB0 /* cat@2x.png */,
				47E547BE184B952300CD2EB0 /* enemy.png */,
				47E547BF184B952300CD2EB0 /* enemy@2x.png */,
				47E547C0184B952300CD2EB0 /* zombie1.png */,
				47E547C1184B952300CD2EB0 /* zombie1@2x.png */,
				47E547C2184B952300CD2EB0 /* zombie2.png */,
				47E547C3184B952300CD2EB0 /* zombie2@2x.png */,
				47E547C4184B952300CD2EB0 /* zombie3.png */,
				47E547C5184B952300CD2EB0 /* zombie3@2x.png */,
				47E547C6184B952300CD2EB0 /* zombie4.png */,
				47E547C7184B952300CD2EB0 /* zombie4@2x.png */,
			);
			path = sprites;
			sourceTree = "<group>";
		};
/* End PBXGroup section */

/* Begin PBXNativeTarget section */
		47E5476B184B659700CD2EB0 /* ZombieConga */ = {
			isa = PBXNativeTarget;
			buildConfigurationList = 47E547A5184B659700CD2EB0 /* Build configuration list for PBXNativeTarget "ZombieConga" */;
			buildPhases = (
				47E54768184B659700CD2EB0 /* Sources */,
				47E54769184B659700CD2EB0 /* Frameworks */,
				47E5476A184B659700CD2EB0 /* Resources */,
			);
			buildRules = (
			);
			dependencies = (
			);
			name = ZombieConga;
			productName = ZombieConga;
			productReference = 47E5476C184B659700CD2EB0 /* ZombieConga.app */;
			productType = "com.apple.product-type.application";
		};
		47E54793184B659700CD2EB0 /* ZombieCongaTests */ = {
			isa = PBXNativeTarget;
			buildConfigurationList = 47E547A8184B659700CD2EB0 /* Build configuration list for PBXNativeTarget "ZombieCongaTests" */;
			buildPhases = (
				47E54790184B659700CD2EB0 /* Sources */,
				47E54791184B659700CD2EB0 /* Frameworks */,
				47E54792184B659700CD2EB0 /* Resources */,
			);
			buildRules = (
			);
			dependencies = (
				47E5479A184B659700CD2EB0 /* PBXTargetDependency */,
			);
			name = ZombieCongaTests;
			productName = ZombieCongaTests;
			productReference = 47E54794184B659700CD2EB0 /* ZombieCongaTests.xctest */;
			productType = "com.apple.product-type.bundle.unit-test";
		};
/* End PBXNativeTarget section */

/* Begin PBXProject section */
		47E54764184B659700CD2EB0 /* Project object */ = {
			isa = PBXProject;
			attributes = {
				LastUpgradeCheck = 0510;
				ORGANIZATIONNAME = "Ryoichi Hara";
				TargetAttributes = {
					47E54793184B659700CD2EB0 = {
						TestTargetID = 47E5476B184B659700CD2EB0;
					};
				};
			};
			buildConfigurationList = 47E54767184B659700CD2EB0 /* Build configuration list for PBXProject "ZombieConga" */;
			compatibilityVersion = "Xcode 3.2";
			developmentRegion = English;
			hasScannedForEncodings = 0;
			knownRegions = (
				en,
				Base,
			);
			mainGroup = 47E54763184B659700CD2EB0;
			productRefGroup = 47E5476D184B659700CD2EB0 /* Products */;
			projectDirPath = "";
			projectRoot = "";
			targets = (
				47E5476B184B659700CD2EB0 /* ZombieConga */,
				47E54793184B659700CD2EB0 /* ZombieCongaTests */,
			);
		};
/* End PBXProject section */

/* Begin PBXResourcesBuildPhase section */
		47E5476A184B659700CD2EB0 /* Resources */ = {
			isa = PBXResourcesBuildPhase;
			buildActionMask = 2147483647;
			files = (
				47E547D5184B952300CD2EB0 /* cat.png in Resources */,
				47E547DC184B952300CD2EB0 /* zombie2@2x.png in Resources */,
				47E547D0184B952300CD2EB0 /* bgMusic.mp3 in Resources */,
				47E547D7184B952300CD2EB0 /* enemy.png in Resources */,
				47E5477C184B659700CD2EB0 /* InfoPlist.strings in Resources */,
				47E547CD184B952300CD2EB0 /* YouLose@2x.png in Resources */,
				47E547CA184B952300CD2EB0 /* MainMenu.png in Resources */,
				47E547D8184B952300CD2EB0 /* enemy@2x.png in Resources */,
				47E547C8184B952300CD2EB0 /* background.png in Resources */,
				47E5478F184B659700CD2EB0 /* Images.xcassets in Resources */,
				47E547DA184B952300CD2EB0 /* zombie1@2x.png in Resources */,
				47E5478D184B659700CD2EB0 /* Spaceship.png in Resources */,
				47E547D3184B952300CD2EB0 /* lose.wav in Resources */,
				47E547D1184B952300CD2EB0 /* hitCat.wav in Resources */,
				47E547CC184B952300CD2EB0 /* YouLose.png in Resources */,
				47E547D9184B952300CD2EB0 /* zombie1.png in Resources */,
				47E547DF184B952300CD2EB0 /* zombie4.png in Resources */,
				47E547DE184B952300CD2EB0 /* zombie3@2x.png in Resources */,
				47E547C9184B952300CD2EB0 /* background@2x.png in Resources */,
				47E547CE184B952300CD2EB0 /* YouWin.png in Resources */,
				47E547CF184B952300CD2EB0 /* YouWin@2x.png in Resources */,
				47E547D2184B952300CD2EB0 /* hitCatLady.wav in Resources */,
				47E547D6184B952300CD2EB0 /* cat@2x.png in Resources */,
				47E547DD184B952300CD2EB0 /* zombie3.png in Resources */,
				47E547CB184B952300CD2EB0 /* MainMenu@2x.png in Resources */,
				47E547D4184B952300CD2EB0 /* win.wav in Resources */,
				47E547DB184B952300CD2EB0 /* zombie2.png in Resources */,
				47E54785184B659700CD2EB0 /* Main.storyboard in Resources */,
				47E547E0184B952300CD2EB0 /* zombie4@2x.png in Resources */,
			);
			runOnlyForDeploymentPostprocessing = 0;
		};
		47E54792184B659700CD2EB0 /* Resources */ = {
			isa = PBXResourcesBuildPhase;
			buildActionMask = 2147483647;
			files = (
				47E547A0184B659700CD2EB0 /* InfoPlist.strings in Resources */,
			);
			runOnlyForDeploymentPostprocessing = 0;
		};
/* End PBXResourcesBuildPhase section */

/* Begin PBXSourcesBuildPhase section */
		47E54768184B659700CD2EB0 /* Sources */ = {
			isa = PBXSourcesBuildPhase;
			buildActionMask = 2147483647;
			files = (
				4794B2F4191FA0B700235A28 /* GameOverScene.m in Sources */,
				47E5478B184B659700CD2EB0 /* MyScene.m in Sources */,
				47E54788184B659700CD2EB0 /* ViewController.m in Sources */,
				47E54782184B659700CD2EB0 /* AppDelegate.m in Sources */,
				47E5477E184B659700CD2EB0 /* main.m in Sources */,
			);
			runOnlyForDeploymentPostprocessing = 0;
		};
		47E54790184B659700CD2EB0 /* Sources */ = {
			isa = PBXSourcesBuildPhase;
			buildActionMask = 2147483647;
			files = (
				47E547A2184B659700CD2EB0 /* ZombieCongaTests.m in Sources */,
			);
			runOnlyForDeploymentPostprocessing = 0;
		};
/* End PBXSourcesBuildPhase section */

/* Begin PBXTargetDependency section */
		47E5479A184B659700CD2EB0 /* PBXTargetDependency */ = {
			isa = PBXTargetDependency;
			target = 47E5476B184B659700CD2EB0 /* ZombieConga */;
			targetProxy = 47E54799184B659700CD2EB0 /* PBXContainerItemProxy */;
		};
/* End PBXTargetDependency section */

/* Begin PBXVariantGroup section */
		47E5477A184B659700CD2EB0 /* InfoPlist.strings */ = {
			isa = PBXVariantGroup;
			children = (
				47E5477B184B659700CD2EB0 /* en */,
			);
			name = InfoPlist.strings;
			sourceTree = "<group>";
		};
		47E54783184B659700CD2EB0 /* Main.storyboard */ = {
			isa = PBXVariantGroup;
			children = (
				47E54784184B659700CD2EB0 /* Base */,
			);
			name = Main.storyboard;
			sourceTree = "<group>";
		};
		47E5479E184B659700CD2EB0 /* InfoPlist.strings */ = {
			isa = PBXVariantGroup;
			children = (
				47E5479F184B659700CD2EB0 /* en */,
			);
			name = InfoPlist.strings;
			sourceTree = "<group>";
		};
/* End PBXVariantGroup section */

/* Begin XCBuildConfiguration section */
		47E547A3184B659700CD2EB0 /* Debug */ = {
			isa = XCBuildConfiguration;
			buildSettings = {
				ALWAYS_SEARCH_USER_PATHS = NO;
				CLANG_CXX_LANGUAGE_STANDARD = "gnu++0x";
				CLANG_CXX_LIBRARY = "libc++";
				CLANG_ENABLE_MODULES = YES;
				CLANG_ENABLE_OBJC_ARC = YES;
				CLANG_WARN_BOOL_CONVERSION = YES;
				CLANG_WARN_CONSTANT_CONVERSION = YES;
				CLANG_WARN_DIRECT_OBJC_ISA_USAGE = YES_ERROR;
				CLANG_WARN_EMPTY_BODY = YES;
				CLANG_WARN_ENUM_CONVERSION = YES;
				CLANG_WARN_INT_CONVERSION = YES;
				CLANG_WARN_OBJC_ROOT_CLASS = YES_ERROR;
				CLANG_WARN__DUPLICATE_METHOD_MATCH = YES;
				"CODE_SIGN_IDENTITY[sdk=iphoneos*]" = "iPhone Developer";
				COPY_PHASE_STRIP = NO;
				GCC_C_LANGUAGE_STANDARD = gnu99;
				GCC_DYNAMIC_NO_PIC = NO;
				GCC_OPTIMIZATION_LEVEL = 0;
				GCC_PREPROCESSOR_DEFINITIONS = (
					"DEBUG=1",
					"$(inherited)",
				);
				GCC_SYMBOLS_PRIVATE_EXTERN = NO;
				GCC_WARN_64_TO_32_BIT_CONVERSION = YES;
				GCC_WARN_ABOUT_RETURN_TYPE = YES_ERROR;
				GCC_WARN_UNDECLARED_SELECTOR = YES;
				GCC_WARN_UNINITIALIZED_AUTOS = YES;
				GCC_WARN_UNUSED_FUNCTION = YES;
				GCC_WARN_UNUSED_VARIABLE = YES;
				IPHONEOS_DEPLOYMENT_TARGET = 7.0;
				ONLY_ACTIVE_ARCH = YES;
				SDKROOT = iphoneos;
			};
			name = Debug;
		};
		47E547A4184B659700CD2EB0 /* Release */ = {
			isa = XCBuildConfiguration;
			buildSettings = {
				ALWAYS_SEARCH_USER_PATHS = NO;
				CLANG_CXX_LANGUAGE_STANDARD = "gnu++0x";
				CLANG_CXX_LIBRARY = "libc++";
				CLANG_ENABLE_MODULES = YES;
				CLANG_ENABLE_OBJC_ARC = YES;
				CLANG_WARN_BOOL_CONVERSION = YES;
				CLANG_WARN_CONSTANT_CONVERSION = YES;
				CLANG_WARN_DIRECT_OBJC_ISA_USAGE = YES_ERROR;
				CLANG_WARN_EMPTY_BODY = YES;
				CLANG_WARN_ENUM_CONVERSION = YES;
				CLANG_WARN_INT_CONVERSION = YES;
				CLANG_WARN_OBJC_ROOT_CLASS = YES_ERROR;
				CLANG_WARN__DUPLICATE_METHOD_MATCH = YES;
				"CODE_SIGN_IDENTITY[sdk=iphoneos*]" = "iPhone Developer";
				COPY_PHASE_STRIP = YES;
				ENABLE_NS_ASSERTIONS = NO;
				GCC_C_LANGUAGE_STANDARD = gnu99;
				GCC_WARN_64_TO_32_BIT_CONVERSION = YES;
				GCC_WARN_ABOUT_RETURN_TYPE = YES_ERROR;
				GCC_WARN_UNDECLARED_SELECTOR = YES;
				GCC_WARN_UNINITIALIZED_AUTOS = YES;
				GCC_WARN_UNUSED_FUNCTION = YES;
				GCC_WARN_UNUSED_VARIABLE = YES;
				IPHONEOS_DEPLOYMENT_TARGET = 7.0;
				SDKROOT = iphoneos;
				VALIDATE_PRODUCT = YES;
			};
			name = Release;
		};
		47E547A6184B659700CD2EB0 /* Debug */ = {
			isa = XCBuildConfiguration;
			buildSettings = {
				ASSETCATALOG_COMPILER_APPICON_NAME = AppIcon;
				ASSETCATALOG_COMPILER_LAUNCHIMAGE_NAME = LaunchImage;
				GCC_PRECOMPILE_PREFIX_HEADER = YES;
				GCC_PREFIX_HEADER = "ZombieConga/ZombieConga-Prefix.pch";
				INFOPLIST_FILE = "ZombieConga/ZombieConga-Info.plist";
				PRODUCT_NAME = "$(TARGET_NAME)";
				SPRITEKIT_TEXTURE_ATLAS_OUTPUT = YES;
				WRAPPER_EXTENSION = app;
			};
			name = Debug;
		};
		47E547A7184B659700CD2EB0 /* Release */ = {
			isa = XCBuildConfiguration;
			buildSettings = {
				ASSETCATALOG_COMPILER_APPICON_NAME = AppIcon;
				ASSETCATALOG_COMPILER_LAUNCHIMAGE_NAME = LaunchImage;
				GCC_PRECOMPILE_PREFIX_HEADER = YES;
				GCC_PREFIX_HEADER = "ZombieConga/ZombieConga-Prefix.pch";
				INFOPLIST_FILE = "ZombieConga/ZombieConga-Info.plist";
				PRODUCT_NAME = "$(TARGET_NAME)";
				SPRITEKIT_TEXTURE_ATLAS_OUTPUT = YES;
				WRAPPER_EXTENSION = app;
			};
			name = Release;
		};
		47E547A9184B659700CD2EB0 /* Debug */ = {
			isa = XCBuildConfiguration;
			buildSettings = {
				BUNDLE_LOADER = "$(BUILT_PRODUCTS_DIR)/ZombieConga.app/ZombieConga";
				FRAMEWORK_SEARCH_PATHS = (
					"$(SDKROOT)/Developer/Library/Frameworks",
					"$(inherited)",
					"$(DEVELOPER_FRAMEWORKS_DIR)",
				);
				GCC_PRECOMPILE_PREFIX_HEADER = YES;
				GCC_PREFIX_HEADER = "ZombieConga/ZombieConga-Prefix.pch";
				GCC_PREPROCESSOR_DEFINITIONS = (
					"DEBUG=1",
					"$(inherited)",
				);
				INFOPLIST_FILE = "ZombieCongaTests/ZombieCongaTests-Info.plist";
				PRODUCT_NAME = "$(TARGET_NAME)";
				TEST_HOST = "$(BUNDLE_LOADER)";
				WRAPPER_EXTENSION = xctest;
			};
			name = Debug;
		};
		47E547AA184B659700CD2EB0 /* Release */ = {
			isa = XCBuildConfiguration;
			buildSettings = {
				BUNDLE_LOADER = "$(BUILT_PRODUCTS_DIR)/ZombieConga.app/ZombieConga";
				FRAMEWORK_SEARCH_PATHS = (
					"$(SDKROOT)/Developer/Library/Frameworks",
					"$(inherited)",
					"$(DEVELOPER_FRAMEWORKS_DIR)",
				);
				GCC_PRECOMPILE_PREFIX_HEADER = YES;
				GCC_PREFIX_HEADER = "ZombieConga/ZombieConga-Prefix.pch";
				INFOPLIST_FILE = "ZombieCongaTests/ZombieCongaTests-Info.plist";
				PRODUCT_NAME = "$(TARGET_NAME)";
				TEST_HOST = "$(BUNDLE_LOADER)";
				WRAPPER_EXTENSION = xctest;
			};
			name = Release;
		};
/* End XCBuildConfiguration section */

/* Begin XCConfigurationList section */
		47E54767184B659700CD2EB0 /* Build configuration list for PBXProject "ZombieConga" */ = {
			isa = XCConfigurationList;
			buildConfigurations = (
				47E547A3184B659700CD2EB0 /* Debug */,
				47E547A4184B659700CD2EB0 /* Release */,
			);
			defaultConfigurationIsVisible = 0;
			defaultConfigurationName = Release;
		};
		47E547A5184B659700CD2EB0 /* Build configuration list for PBXNativeTarget "ZombieConga" */ = {
			isa = XCConfigurationList;
			buildConfigurations = (
				47E547A6184B659700CD2EB0 /* Debug */,
				47E547A7184B659700CD2EB0 /* Release */,
			);
			defaultConfigurationIsVisible = 0;
			defaultConfigurationName = Release;
		};
		47E547A8184B659700CD2EB0 /* Build configuration list for PBXNativeTarget "ZombieCongaTests" */ = {
			isa = XCConfigurationList;
			buildConfigurations = (
				47E547A9184B659700CD2EB0 /* Debug */,
				47E547AA184B659700CD2EB0 /* Release */,
			);
			defaultConfigurationIsVisible = 0;
			defaultConfigurationName = Release;
		};
/* End XCConfigurationList section */
	};
	rootObject = 47E54764184B659700CD2EB0 /* Project object */;
}
